{
  "name": "15c61037b1978c83",
  "lockfileVersion": 3,
  "requires": true,
  "packages": {
    "": {
      "dependencies": {
        "chrome-devtools-mcp": "^0.11.0"
      }
    },
    "node_modules/chrome-devtools-mcp": {
      "version": "0.11.0",
      "resolved": "https://mirrors.tencent.com/npm/chrome-devtools-mcp/-/chrome-devtools-mcp-0.11.0.tgz",
      "integrity": "sha512-0O1UQhb/E6VIzk+PoqDJRF/3jdjmMOS6XsuHndaSekD0p+tAW9zgRCm7lLfugyI9EyjkpY5WYwKmR2gMgtZcnw==",
      "license": "Apache-2.0",
      "bin": {
        "chrome-devtools-mcp": "build/src/index.js"
      },
      "engines": {
        "node": "^20.19.0 || ^22.12.0 || >=23"
      }
    }
  }
}
